<?xml version="1.0" encoding="UTF-8" standalone="yes" ?>
<CodeBlocks_project_file>
	<FileVersion major="1" minor="6" />
	<Project>
		<Option title="test_CGAL" />
		<Option pch_mode="2" />
		<Option compiler="gcc" />
		<Build>
			<Target title="Debug">
				<Option output="bin/Debug/test_CGAL" prefix_auto="1" extension_auto="1" />
				<Option object_output="obj/Debug/" />
				<Option type="1" />
				<Option compiler="gcc" />
				<Compiler>
					<Add option="-g" />
					<Add option="-frounding-math" />
					<Add option="-DBOOST_ALL_NO_LIB" />
					<Add option="-DNOMINMAX" />
					<Add directory="../../lib/boost_1_85_0" />
					<Add directory="../../lib/CGAL-5.6.1/include" />
					<Add directory="../../lib/CGAL-5.6.1/auxiliary/gmp/include" />
					<Add directory="../../lib/testingRNG/source" />
					<Add directory="../../lib/cargs/include" />
				</Compiler>
				<Linker>
					<Add option="-lgmp-10" />
					<Add directory="../../lib/CGAL-5.6.1/auxiliary/gmp/lib" />
				</Linker>
			</Target>
			<Target title="Release">
				<Option output="bin/Release/test_CGAL" prefix_auto="1" extension_auto="1" />
				<Option object_output="obj/Release/" />
				<Option type="1" />
				<Option compiler="gcc" />
				<Compiler>
					<Add option="-O3" />
					<Add option="-frounding-math" />
					<Add option="-DBOOST_ALL_NO_LIB" />
					<Add option="-DNOMINMAX" />
					<Add option="-DNDEBUG" />
					<Add directory="../../lib/boost_1_85_0" />
					<Add directory="../../lib/CGAL-5.6.1/include" />
					<Add directory="../../lib/CGAL-5.6.1/auxiliary/gmp/include" />
					<Add directory="../../lib/testingRNG/source" />
					<Add directory="../../lib/cargs/include" />
				</Compiler>
				<Linker>
					<Add option="-lgmp-10" />
					<Add directory="../../lib/CGAL-5.6.1/auxiliary/gmp/lib" />
				</Linker>
			</Target>
		</Build>
		<Compiler>
			<Add option="-Wall" />
			<Add option="-fexceptions" />
		</Compiler>
		<Unit filename="../../lib/cargs/src/cargs.c">
			<Option compilerVar="CC" />
		</Unit>
		<Unit filename="test_CGAL.cpp" />
		<Extensions />
	</Project>
</CodeBlocks_project_file>
