<?xml version="1.0" encoding="UTF-8" standalone="yes" ?>
<CodeBlocks_project_file>
	<FileVersion major="1" minor="6" />
	<Project>
		<Option title="test_Spatial_sorting" />
		<Option pch_mode="2" />
		<Option compiler="gcc" />
		<Build>
			<Target title="Debug">
				<Option output="bin/Debug/test_Spatial_sorting" prefix_auto="1" extension_auto="1" />
				<Option object_output="obj/Debug/" />
				<Option type="1" />
				<Option compiler="gcc" />
				<Compiler>
					<Add option="-g" />
					<Add option="-DDEBUG" />
					<Add directory="../../include" />
					<Add directory="../../lib/hxt_seqdel/src" />
					<Add directory="../../lib/cargs/include" />
					<Add directory="../../lib/testingRNG/source" />
				</Compiler>
			</Target>
			<Target title="Release">
				<Option output="bin/Release/test_Spatial_sorting" prefix_auto="1" extension_auto="1" />
				<Option object_output="obj/Release/" />
				<Option type="1" />
				<Option compiler="gcc" />
				<Compiler>
					<Add option="-O2" />
					<Add directory="../../include" />
					<Add directory="../../lib/cargs/include" />
					<Add directory="../../lib/hxt_seqdel/src" />
					<Add directory="../../lib/testingRNG/source" />
				</Compiler>
				<Linker>
					<Add option="-s" />
				</Linker>
			</Target>
		</Build>
		<Compiler>
			<Add option="-pedantic" />
			<Add option="-Wextra" />
			<Add option="-Wall" />
		</Compiler>
		<Linker>
			<Add option="-lm" />
		</Linker>
		<Unit filename="../../include/kdt_vertices.h" />
		<Unit filename="../../lib/cargs/include/cargs.h" />
		<Unit filename="../../lib/cargs/src/cargs.c">
			<Option compilerVar="CC" />
		</Unit>
		<Unit filename="../../lib/hxt_seqdel/src/hxt_tetrahedra.c">
			<Option compilerVar="CC" />
		</Unit>
		<Unit filename="../../lib/hxt_seqdel/src/hxt_tetrahedra.h" />
		<Unit filename="../../lib/hxt_seqdel/src/hxt_tools.h" />
		<Unit filename="../../lib/hxt_seqdel/src/hxt_vertices.c">
			<Option compilerVar="CC" />
		</Unit>
		<Unit filename="../../lib/hxt_seqdel/src/hxt_vertices.h" />
		<Unit filename="../../lib/hxt_seqdel/src/predicates.c">
			<Option compilerVar="CC" />
		</Unit>
		<Unit filename="../../lib/hxt_seqdel/src/predicates.h" />
		<Unit filename="../../lib/testingRNG/source/CG128-64.h" />
		<Unit filename="../../lib/testingRNG/source/CG128.h" />
		<Unit filename="../../lib/testingRNG/source/CG64.h" />
		<Unit filename="../../lib/testingRNG/source/aesctr.h" />
		<Unit filename="../../lib/testingRNG/source/aesdragontamer.h" />
		<Unit filename="../../lib/testingRNG/source/jenkinssmall.h" />
		<Unit filename="../../lib/testingRNG/source/lehmer64.h" />
		<Unit filename="../../lib/testingRNG/source/mersennetwister.h" />
		<Unit filename="../../lib/testingRNG/source/mitchellmoore.h" />
		<Unit filename="../../lib/testingRNG/source/pcg32.h" />
		<Unit filename="../../lib/testingRNG/source/pcg64.h" />
		<Unit filename="../../lib/testingRNG/source/splitmix63.h" />
		<Unit filename="../../lib/testingRNG/source/splitmix64.h" />
		<Unit filename="../../lib/testingRNG/source/trivium32.h" />
		<Unit filename="../../lib/testingRNG/source/trivium64.h" />
		<Unit filename="../../lib/testingRNG/source/util64bits32bits.h" />
		<Unit filename="../../lib/testingRNG/source/widynski.h" />
		<Unit filename="../../lib/testingRNG/source/wyhash.h" />
		<Unit filename="../../lib/testingRNG/source/wyrand.h" />
		<Unit filename="../../lib/testingRNG/source/xoroshiro128plus.h" />
		<Unit filename="../../lib/testingRNG/source/xoroshiro256plusplus.h" />
		<Unit filename="../../lib/testingRNG/source/xorshift-k4.h" />
		<Unit filename="../../lib/testingRNG/source/xorshift-k5.h" />
		<Unit filename="../../lib/testingRNG/source/xorshift1024plus.h" />
		<Unit filename="../../lib/testingRNG/source/xorshift1024star.h" />
		<Unit filename="../../lib/testingRNG/source/xorshift128plus.h" />
		<Unit filename="../../lib/testingRNG/source/xorshift32.h" />
		<Unit filename="../../src/kdt_vertices.c">
			<Option compilerVar="CC" />
		</Unit>
		<Unit filename="test_Spatial_sorting.c">
			<Option compilerVar="CC" />
		</Unit>
		<Extensions />
	</Project>
</CodeBlocks_project_file>
